// !$*UTF8*$!
{
	archiveVersion = 1;
	classes = {
	};
	objectVersion = 48;
	objects = {

/* Begin PBXBuildFile section */
		186C5C03208DEC5D00F6BA9E /* AppDelegate.swift in Sources */ = {isa = PBXBuildFile; fileRef = 186C5C02208DEC5D00F6BA9E /* AppDelegate.swift */; };
		186C5C05208DEC5D00F6BA9E /* ViewController.swift in Sources */ = {isa = PBXBuildFile; fileRef = 186C5C04208DEC5D00F6BA9E /* ViewController.swift */; };
		186C5C08208DEC5D00F6BA9E /* Main.storyboard in Resources */ = {isa = PBXBuildFile; fileRef = 186C5C06208DEC5D00F6BA9E /* Main.storyboard */; };
		186C5C0A208DEC5D00F6BA9E /* Assets.xcassets in Resources */ = {isa = PBXBuildFile; fileRef = 186C5C09208DEC5D00F6BA9E /* Assets.xcassets */; };
		186C5C0D208DEC5D00F6BA9E /* LaunchScreen.storyboard in Resources */ = {isa = PBXBuildFile; fileRef = 186C5C0B208DEC5D00F6BA9E /* LaunchScreen.storyboard */; };
		18741DE620C10751003BF96D /* JWTDecode.framework in Frameworks */ = {isa = PBXBuildFile; fileRef = 18741DE720C10751003BF96D /* JWTDecode.framework */; };
		20A872E7C6F390CA1689668B /* Pods_postMethod.framework in Frameworks */ = {isa = PBXBuildFile; fileRef = 6E2B053A840103C39546AD35 /* Pods_postMethod.framework */; };
/* End PBXBuildFile section */

/* Begin PBXFileReference section */
		0AD8B62D0C0C8DC9B7606EFE /* Pods-postMethod.debug.xcconfig */ = {isa = PBXFileReference; includeInIndex = 1; lastKnownFileType = text.xcconfig; name = "Pods-postMethod.debug.xcconfig"; path = "Pods/Target Support Files/Pods-postMethod/Pods-postMethod.debug.xcconfig"; sourceTree = "<group>"; };
		186C5BFF208DEC5D00F6BA9E /* postMethod.app */ = {isa = PBXFileReference; explicitFileType = wrapper.application; includeInIndex = 0; path = postMethod.app; sourceTree = BUILT_PRODUCTS_DIR; };
		186C5C02208DEC5D00F6BA9E /* AppDelegate.swift */ = {isa = PBXFileReference; lastKnownFileType = sourcecode.swift; path = AppDelegate.swift; sourceTree = "<group>"; };
		186C5C04208DEC5D00F6BA9E /* ViewController.swift */ = {isa = PBXFileReference; lastKnownFileType = sourcecode.swift; path = ViewController.swift; sourceTree = "<group>"; };
		186C5C07208DEC5D00F6BA9E /* Base */ = {isa = PBXFileReference; lastKnownFileType = file.storyboard; name = Base; path = Base.lproj/Main.storyboard; sourceTree = "<group>"; };
		186C5C09208DEC5D00F6BA9E /* Assets.xcassets */ = {isa = PBXFileReference; lastKnownFileType = folder.assetcatalog; path = Assets.xcassets; sourceTree = "<group>"; };
		186C5C0C208DEC5D00F6BA9E /* Base */ = {isa = PBXFileReference; lastKnownFileType = file.storyboard; name = Base; path = Base.lproj/LaunchScreen.storyboard; sourceTree = "<group>"; };
		186C5C0E208DEC5D00F6BA9E /* Info.plist */ = {isa = PBXFileReference; lastKnownFileType = text.plist.xml; path = Info.plist; sourceTree = "<group>"; };
		18741DE720C10751003BF96D /* JWTDecode.framework */ = {isa = PBXFileReference; explicitFileType = wrapper.framework; path = JWTDecode.framework; sourceTree = BUILT_PRODUCTS_DIR; };
		1875F139208E17BA005C62EF /* postMethod-Bridging-Header.h */ = {isa = PBXFileReference; lastKnownFileType = sourcecode.c.h; path = "postMethod-Bridging-Header.h"; sourceTree = "<group>"; };
		341F9AE103C87ABA4D827009 /* Pods-postMethod.release.xcconfig */ = {isa = PBXFileReference; includeInIndex = 1; lastKnownFileType = text.xcconfig; name = "Pods-postMethod.release.xcconfig"; path = "Pods/Target Support Files/Pods-postMethod/Pods-postMethod.release.xcconfig"; sourceTree = "<group>"; };
		6E2B053A840103C39546AD35 /* Pods_postMethod.framework */ = {isa = PBXFileReference; explicitFileType = wrapper.framework; includeInIndex = 0; path = Pods_postMethod.framework; sourceTree = BUILT_PRODUCTS_DIR; };
/* End PBXFileReference section */

/* Begin PBXFrameworksBuildPhase section */
		186C5BFC208DEC5D00F6BA9E /* Frameworks */ = {
			isa = PBXFrameworksBuildPhase;
			buildActionMask = 2147483647;
			files = (
				18741DE620C10751003BF96D /* JWTDecode.framework in Frameworks */,
				20A872E7C6F390CA1689668B /* Pods_postMethod.framework in Frameworks */,
			);
			runOnlyForDeploymentPostprocessing = 0;
		};
/* End PBXFrameworksBuildPhase section */

/* Begin PBXGroup section */
		186C5BF6208DEC5D00F6BA9E = {
			isa = PBXGroup;
			children = (
				1875F139208E17BA005C62EF /* postMethod-Bridging-Header.h */,
				186C5C01208DEC5D00F6BA9E /* postMethod */,
				186C5C00208DEC5D00F6BA9E /* Products */,
				2EAEF8A61B043F5C41FF0372 /* Pods */,
				25A5934C31279CC7C2763E90 /* Frameworks */,
			);
			sourceTree = "<group>";
		};
		186C5C00208DEC5D00F6BA9E /* Products */ = {
			isa = PBXGroup;
			children = (
				186C5BFF208DEC5D00F6BA9E /* postMethod.app */,
			);
			name = Products;
			sourceTree = "<group>";
		};
		186C5C01208DEC5D00F6BA9E /* postMethod */ = {
			isa = PBXGroup;
			children = (
				186C5C02208DEC5D00F6BA9E /* AppDelegate.swift */,
				186C5C04208DEC5D00F6BA9E /* ViewController.swift */,
				186C5C06208DEC5D00F6BA9E /* Main.storyboard */,
				186C5C09208DEC5D00F6BA9E /* Assets.xcassets */,
				186C5C0B208DEC5D00F6BA9E /* LaunchScreen.storyboard */,
				186C5C0E208DEC5D00F6BA9E /* Info.plist */,
			);
			path = postMethod;
			sourceTree = "<group>";
		};
		25A5934C31279CC7C2763E90 /* Frameworks */ = {
			isa = PBXGroup;
			children = (
				18741DE720C10751003BF96D /* JWTDecode.framework */,
				6E2B053A840103C39546AD35 /* Pods_postMethod.framework */,
			);
			name = Frameworks;
			sourceTree = "<group>";
		};
		2EAEF8A61B043F5C41FF0372 /* Pods */ = {
			isa = PBXGroup;
			children = (
				0AD8B62D0C0C8DC9B7606EFE /* Pods-postMethod.debug.xcconfig */,
				341F9AE103C87ABA4D827009 /* Pods-postMethod.release.xcconfig */,
			);
			name = Pods;
			sourceTree = "<group>";
		};
/* End PBXGroup section */

/* Begin PBXNativeTarget section */
		186C5BFE208DEC5D00F6BA9E /* postMethod */ = {
			isa = PBXNativeTarget;
			buildConfigurationList = 186C5C11208DEC5D00F6BA9E /* Build configuration list for PBXNativeTarget "postMethod" */;
			buildPhases = (
				5E3A8738D05CF830A5393439 /* [CP] Check Pods Manifest.lock */,
				186C5BFB208DEC5D00F6BA9E /* Sources */,
				186C5BFC208DEC5D00F6BA9E /* Frameworks */,
				186C5BFD208DEC5D00F6BA9E /* Resources */,
				9C099E84A17B5093C9266AB1 /* [CP] Embed Pods Frameworks */,
				4492070A0656D83C26C5FFA1 /* [CP] Copy Pods Resources */,
			);
			buildRules = (
			);
			dependencies = (
			);
			name = postMethod;
			productName = postMethod;
			productReference = 186C5BFF208DEC5D00F6BA9E /* postMethod.app */;
			productType = "com.apple.product-type.application";
		};
/* End PBXNativeTarget section */

/* Begin PBXProject section */
		186C5BF7208DEC5D00F6BA9E /* Project object */ = {
			isa = PBXProject;
			attributes = {
				LastSwiftUpdateCheck = 0920;
				LastUpgradeCheck = 0920;
				ORGANIZATIONNAME = apple;
				TargetAttributes = {
					186C5BFE208DEC5D00F6BA9E = {
						CreatedOnToolsVersion = 9.2;
						ProvisioningStyle = Automatic;
					};
				};
			};
			buildConfigurationList = 186C5BFA208DEC5D00F6BA9E /* Build configuration list for PBXProject "postMethod" */;
			compatibilityVersion = "Xcode 8.0";
			developmentRegion = en;
			hasScannedForEncodings = 0;
			knownRegions = (
				en,
				Base,
			);
			mainGroup = 186C5BF6208DEC5D00F6BA9E;
			productRefGroup = 186C5C00208DEC5D00F6BA9E /* Products */;
			projectDirPath = "";
			projectRoot = "";
			targets = (
				186C5BFE208DEC5D00F6BA9E /* postMethod */,
			);
		};
/* End PBXProject section */

/* Begin PBXResourcesBuildPhase section */
		186C5BFD208DEC5D00F6BA9E /* Resources */ = {
			isa = PBXResourcesBuildPhase;
			buildActionMask = 2147483647;
			files = (
				186C5C0D208DEC5D00F6BA9E /* LaunchScreen.storyboard in Resources */,
				186C5C0A208DEC5D00F6BA9E /* Assets.xcassets in Resources */,
				186C5C08208DEC5D00F6BA9E /* Main.storyboard in Resources */,
			);
			runOnlyForDeploymentPostprocessing = 0;
		};
/* End PBXResourcesBuildPhase section */

/* Begin PBXShellScriptBuildPhase section */
		4492070A0656D83C26C5FFA1 /* [CP] Copy Pods Resources */ = {
			isa = PBXShellScriptBuildPhase;
			buildActionMask = 2147483647;
			files = (
			);
			inputPaths = (
			);
			name = "[CP] Copy Pods Resources";
			outputPaths = (
			);
			runOnlyForDeploymentPostprocessing = 0;
			shellPath = /bin/sh;
			shellScript = "\"${SRCROOT}/Pods/Target Support Files/Pods-postMethod/Pods-postMethod-resources.sh\"\n";
			showEnvVarsInLog = 0;
		};
		5E3A8738D05CF830A5393439 /* [CP] Check Pods Manifest.lock */ = {
			isa = PBXShellScriptBuildPhase;
			buildActionMask = 2147483647;
			files = (
			);
			inputPaths = (
				"${PODS_PODFILE_DIR_PATH}/Podfile.lock",
				"${PODS_ROOT}/Manifest.lock",
			);
			name = "[CP] Check Pods Manifest.lock";
			outputPaths = (
				"$(DERIVED_FILE_DIR)/Pods-postMethod-checkManifestLockResult.txt",
			);
			runOnlyForDeploymentPostprocessing = 0;
			shellPath = /bin/sh;
			shellScript = "diff \"${PODS_PODFILE_DIR_PATH}/Podfile.lock\" \"${PODS_ROOT}/Manifest.lock\" > /dev/null\nif [ $? != 0 ] ; then\n    # print error to STDERR\n    echo \"error: The sandbox is not in sync with the Podfile.lock. Run 'pod install' or update your CocoaPods installation.\" >&2\n    exit 1\nfi\n# This output is used by Xcode 'outputs' to avoid re-running this script phase.\necho \"SUCCESS\" > \"${SCRIPT_OUTPUT_FILE_0}\"\n";
			showEnvVarsInLog = 0;
		};
		9C099E84A17B5093C9266AB1 /* [CP] Embed Pods Frameworks */ = {
			isa = PBXShellScriptBuildPhase;
			buildActionMask = 2147483647;
			files = (
			);
			inputPaths = (
				"${SRCROOT}/Pods/Target Support Files/Pods-postMethod/Pods-postMethod-frameworks.sh",
				"${BUILT_PRODUCTS_DIR}/AFNetworking/AFNetworking.framework",
				"${BUILT_PRODUCTS_DIR}/JWTDecode/JWTDecode.framework",
			);
			name = "[CP] Embed Pods Frameworks";
			outputPaths = (
				"${TARGET_BUILD_DIR}/${FRAMEWORKS_FOLDER_PATH}/AFNetworking.framework",
				"${TARGET_BUILD_DIR}/${FRAMEWORKS_FOLDER_PATH}/JWTDecode.framework",
			);
			runOnlyForDeploymentPostprocessing = 0;
			shellPath = /bin/sh;
			shellScript = "\"${SRCROOT}/Pods/Target Support Files/Pods-postMethod/Pods-postMethod-frameworks.sh\"\n";
			showEnvVarsInLog = 0;
		};
/* End PBXShellScriptBuildPhase section */

/* Begin PBXSourcesBuildPhase section */
		186C5BFB208DEC5D00F6BA9E /* Sources */ = {
			isa = PBXSourcesBuildPhase;
			buildActionMask = 2147483647;
			files = (
				186C5C05208DEC5D00F6BA9E /* ViewController.swift in Sources */,
				186C5C03208DEC5D00F6BA9E /* AppDelegate.swift in Sources */,
			);
			runOnlyForDeploymentPostprocessing = 0;
		};
/* End PBXSourcesBuildPhase section */

/* Begin PBXVariantGroup section */
		186C5C06208DEC5D00F6BA9E /* Main.storyboard */ = {
			isa = PBXVariantGroup;
			children = (
				186C5C07208DEC5D00F6BA9E /* Base */,
			);
			name = Main.storyboard;
			sourceTree = "<group>";
		};
		186C5C0B208DEC5D00F6BA9E /* LaunchScreen.storyboard */ = {
			isa = PBXVariantGroup;
			children = (
				186C5C0C208DEC5D00F6BA9E /* Base */,
			);
			name = LaunchScreen.storyboard;
			sourceTree = "<group>";
		};
/* End PBXVariantGroup section */

/* Begin XCBuildConfiguration section */
		186C5C0F208DEC5D00F6BA9E /* Debug */ = {
			isa = XCBuildConfiguration;
			buildSettings = {
				ALWAYS_SEARCH_USER_PATHS = NO;
				CLANG_ANALYZER_NONNULL = YES;
				CLANG_ANALYZER_NUMBER_OBJECT_CONVERSION = YES_AGGRESSIVE;
				CLANG_CXX_LANGUAGE_STANDARD = "gnu++14";
				CLANG_CXX_LIBRARY = "libc++";
				CLANG_ENABLE_MODULES = YES;
				CLANG_ENABLE_OBJC_ARC = YES;
				CLANG_WARN_BLOCK_CAPTURE_AUTORELEASING = YES;
				CLANG_WARN_BOOL_CONVERSION = YES;
				CLANG_WARN_COMMA = YES;
				CLANG_WARN_CONSTANT_CONVERSION = YES;
				CLANG_WARN_DIRECT_OBJC_ISA_USAGE = YES_ERROR;
				CLANG_WARN_DOCUMENTATION_COMMENTS = YES;
				CLANG_WARN_EMPTY_BODY = YES;
				CLANG_WARN_ENUM_CONVERSION = YES;
				CLANG_WARN_INFINITE_RECURSION = YES;
				CLANG_WARN_INT_CONVERSION = YES;
				CLANG_WARN_NON_LITERAL_NULL_CONVERSION = YES;
				CLANG_WARN_OBJC_LITERAL_CONVERSION = YES;
				CLANG_WARN_OBJC_ROOT_CLASS = YES_ERROR;
				CLANG_WARN_RANGE_LOOP_ANALYSIS = YES;
				CLANG_WARN_STRICT_PROTOTYPES = YES;
				CLANG_WARN_SUSPICIOUS_MOVE = YES;
				CLANG_WARN_UNGUARDED_AVAILABILITY = YES_AGGRESSIVE;
				CLANG_WARN_UNREACHABLE_CODE = YES;
				CLANG_WARN__DUPLICATE_METHOD_MATCH = YES;
				CODE_SIGN_IDENTITY = "iPhone Developer";
				COPY_PHASE_STRIP = NO;
				DEBUG_INFORMATION_FORMAT = dwarf;
				ENABLE_STRICT_OBJC_MSGSEND = YES;
				ENABLE_TESTABILITY = YES;
				GCC_C_LANGUAGE_STANDARD = gnu11;
				GCC_DYNAMIC_NO_PIC = NO;
				GCC_NO_COMMON_BLOCKS = YES;
				GCC_OPTIMIZATION_LEVEL = 0;
				GCC_PREPROCESSOR_DEFINITIONS = (
					"DEBUG=1",
					"$(inherited)",
				);
				GCC_WARN_64_TO_32_BIT_CONVERSION = YES;
				GCC_WARN_ABOUT_RETURN_TYPE = YES_ERROR;
				GCC_WARN_UNDECLARED_SELECTOR = YES;
				GCC_WARN_UNINITIALIZED_AUTOS = YES_AGGRESSIVE;
				GCC_WARN_UNUSED_FUNCTION = YES;
				GCC_WARN_UNUSED_VARIABLE = YES;
				IPHONEOS_DEPLOYMENT_TARGET = 11.2;
				MTL_ENABLE_DEBUG_INFO = YES;
				ONLY_ACTIVE_ARCH = YES;
				SDKROOT = iphoneos;
				SWIFT_ACTIVE_COMPILATION_CONDITIONS = DEBUG;
				SWIFT_OPTIMIZATION_LEVEL = "-Onone";
			};
			name = Debug;
		};
		186C5C10208DEC5D00F6BA9E /* Release */ = {
			isa = XCBuildConfiguration;
			buildSettings = {
				ALWAYS_SEARCH_USER_PATHS = NO;
				CLANG_ANALYZER_NONNULL = YES;
				CLANG_ANALYZER_NUMBER_OBJECT_CONVERSION = YES_AGGRESSIVE;
				CLANG_CXX_LANGUAGE_STANDARD = "gnu++14";
				CLANG_CXX_LIBRARY = "libc++";
				CLANG_ENABLE_MODULES = YES;
				CLANG_ENABLE_OBJC_ARC = YES;
				CLANG_WARN_BLOCK_CAPTURE_AUTORELEASING = YES;
				CLANG_WARN_BOOL_CONVERSION = YES;
				CLANG_WARN_COMMA = YES;
				CLANG_WARN_CONSTANT_CONVERSION = YES;
				CLANG_WARN_DIRECT_OBJC_ISA_USAGE = YES_ERROR;
				CLANG_WARN_DOCUMENTATION_COMMENTS = YES;
				CLANG_WARN_EMPTY_BODY = YES;
				CLANG_WARN_ENUM_CONVERSION = YES;
				CLANG_WARN_INFINITE_RECURSION = YES;
				CLANG_WARN_INT_CONVERSION = YES;
				CLANG_WARN_NON_LITERAL_NULL_CONVERSION = YES;
				CLANG_WARN_OBJC_LITERAL_CONVERSION = YES;
				CLANG_WARN_OBJC_ROOT_CLASS = YES_ERROR;
				CLANG_WARN_RANGE_LOOP_ANALYSIS = YES;
				CLANG_WARN_STRICT_PROTOTYPES = YES;
				CLANG_WARN_SUSPICIOUS_MOVE = YES;
				CLANG_WARN_UNGUARDED_AVAILABILITY = YES_AGGRESSIVE;
				CLANG_WARN_UNREACHABLE_CODE = YES;
				CLANG_WARN__DUPLICATE_METHOD_MATCH = YES;
				CODE_SIGN_IDENTITY = "iPhone Developer";
				COPY_PHASE_STRIP = NO;
				DEBUG_INFORMATION_FORMAT = "dwarf-with-dsym";
				ENABLE_NS_ASSERTIONS = NO;
				ENABLE_STRICT_OBJC_MSGSEND = YES;
				GCC_C_LANGUAGE_STANDARD = gnu11;
				GCC_NO_COMMON_BLOCKS = YES;
				GCC_WARN_64_TO_32_BIT_CONVERSION = YES;
				GCC_WARN_ABOUT_RETURN_TYPE = YES_ERROR;
				GCC_WARN_UNDECLARED_SELECTOR = YES;
				GCC_WARN_UNINITIALIZED_AUTOS = YES_AGGRESSIVE;
				GCC_WARN_UNUSED_FUNCTION = YES;
				GCC_WARN_UNUSED_VARIABLE = YES;
				IPHONEOS_DEPLOYMENT_TARGET = 11.2;
				MTL_ENABLE_DEBUG_INFO = NO;
				SDKROOT = iphoneos;
				SWIFT_OPTIMIZATION_LEVEL = "-Owholemodule";
				VALIDATE_PRODUCT = YES;
			};
			name = Release;
		};
		186C5C12208DEC5D00F6BA9E /* Debug */ = {
			isa = XCBuildConfiguration;
			baseConfigurationReference = 0AD8B62D0C0C8DC9B7606EFE /* Pods-postMethod.debug.xcconfig */;
			buildSettings = {
				ASSETCATALOG_COMPILER_APPICON_NAME = AppIcon;
				"CODE_SIGN_IDENTITY[sdk=iphoneos*]" = "iPhone Developer";
				CODE_SIGN_STYLE = Automatic;
				DEVELOPMENT_TEAM = A79T4B24DZ;
				INFOPLIST_FILE = postMethod/Info.plist;
				LD_RUNPATH_SEARCH_PATHS = "$(inherited) @executable_path/Frameworks";
				PRODUCT_BUNDLE_IDENTIFIER = cogzidel.postMethod;
				PRODUCT_NAME = "$(TARGET_NAME)";
				PROVISIONING_PROFILE_SPECIFIER = "";
				SWIFT_VERSION = 4.0;
				TARGETED_DEVICE_FAMILY = "1,2";
			};
			name = Debug;
		};
		186C5C13208DEC5D00F6BA9E /* Release */ = {
			isa = XCBuildConfiguration;
			baseConfigurationReference = 341F9AE103C87ABA4D827009 /* Pods-postMethod.release.xcconfig */;
			buildSettings = {
				ASSETCATALOG_COMPILER_APPICON_NAME = AppIcon;
				"CODE_SIGN_IDENTITY[sdk=iphoneos*]" = "iPhone Developer";
				CODE_SIGN_STYLE = Automatic;
				DEVELOPMENT_TEAM = A79T4B24DZ;
				INFOPLIST_FILE = postMethod/Info.plist;
				LD_RUNPATH_SEARCH_PATHS = "$(inherited) @executable_path/Frameworks";
				PRODUCT_BUNDLE_IDENTIFIER = cogzidel.postMethod;
				PRODUCT_NAME = "$(TARGET_NAME)";
				PROVISIONING_PROFILE_SPECIFIER = "";
				SWIFT_VERSION = 4.0;
				TARGETED_DEVICE_FAMILY = "1,2";
			};
			name = Release;
		};
/* End XCBuildConfiguration section */

/* Begin XCConfigurationList section */
		186C5BFA208DEC5D00F6BA9E /* Build configuration list for PBXProject "postMethod" */ = {
			isa = XCConfigurationList;
			buildConfigurations = (
				186C5C0F208DEC5D00F6BA9E /* Debug */,
				186C5C10208DEC5D00F6BA9E /* Release */,
			);
			defaultConfigurationIsVisible = 0;
			defaultConfigurationName = Release;
		};
		186C5C11208DEC5D00F6BA9E /* Build configuration list for PBXNativeTarget "postMethod" */ = {
			isa = XCConfigurationList;
			buildConfigurations = (
				186C5C12208DEC5D00F6BA9E /* Debug */,
				186C5C13208DEC5D00F6BA9E /* Release */,
			);
			defaultConfigurationIsVisible = 0;
			defaultConfigurationName = Release;
		};
/* End XCConfigurationList section */
	};
	rootObject = 186C5BF7208DEC5D00F6BA9E /* Project object */;
}
